Microsoft Visual Studio Solution File, Format Version 12.00
# Visual Studio Version 17
VisualStudioVersion = 17.8.0.0
MinimumVisualStudioVersion = 17.8.0.0
Project("{9A19103F-16F7-4668-BE54-9A1E7A4F7556}") = "Temporis.AppHost", "Temporis.AppHost\Temporis.AppHost.csproj", "{93952E01-CCDA-4925-A4AB-7844859F76EA}"
EndProject
Project("{9A19103F-16F7-4668-BE54-9A1E7A4F7556}") = "Temporis.ServiceDefaults", "Temporis.ServiceDefaults\Temporis.ServiceDefaults.csproj", "{712C307F-0DB8-499D-9CBA-4CA875414D1E}"
EndProject
Project("{9A19103F-16F7-4668-BE54-9A1E7A4F7556}") = "Temporis.ApiService", "Temporis.ApiService\Temporis.ApiService.csproj", "{1C91D1A3-0777-420E-BD81-709E5B40AE22}"
EndProject
Project("{9A19103F-16F7-4668-BE54-9A1E7A4F7556}") = "Temporis.Web", "Temporis.Web\Temporis.Web.csproj", "{510F9B2E-BDEE-48BC-AD4D-80FF12609A54}"
EndProject
Project("{2150E333-8FDC-42A3-9474-1A3956D46DE8}") = "tests", "tests", "{5E41ED59-9BE4-441F-993B-A632DDDA28A1}"
EndProject
Project("{FAE04EC0-301F-11D3-BF4B-00C04F79EFBC}") = "Temporis.Core", "Temporis.Core\Temporis.Core.csproj", "{4ABE5ED2-4706-4AD7-B26E-05428627BC6B}"
EndProject
Project("{FAE04EC0-301F-11D3-BF4B-00C04F79EFBC}") = "Temporis.Core.Tests", "Temporis.Core.Tests\Temporis.Core.Tests.csproj", "{481589FB-7F5C-4C80-A51F-3B612049F833}"
EndProject
Project("{2150E333-8FDC-42A3-9474-1A3956D46DE8}") = "Adapters", "Adapters", "{A7B12EF4-75E5-4852-909A-0C75599CFCF3}"
EndProject
Project("{FAE04EC0-301F-11D3-BF4B-00C04F79EFBC}") = "Temporis.NodaTimeAdapter", "Temporis.NodaTimeAdapter\Temporis.NodaTimeAdapter.csproj", "{B56FA1C4-9524-4A21-9904-7CD07A752A6B}"
EndProject
Global
	GlobalSection(SolutionConfigurationPlatforms) = preSolution
		Debug|Any CPU = Debug|Any CPU
		Release|Any CPU = Release|Any CPU
	EndGlobalSection
	GlobalSection(ProjectConfigurationPlatforms) = postSolution
		{93952E01-CCDA-4925-A4AB-7844859F76EA}.Debug|Any CPU.ActiveCfg = Debug|Any CPU
		{93952E01-CCDA-4925-A4AB-7844859F76EA}.Debug|Any CPU.Build.0 = Debug|Any CPU
		{93952E01-CCDA-4925-A4AB-7844859F76EA}.Release|Any CPU.ActiveCfg = Release|Any CPU
		{93952E01-CCDA-4925-A4AB-7844859F76EA}.Release|Any CPU.Build.0 = Release|Any CPU
		{712C307F-0DB8-499D-9CBA-4CA875414D1E}.Debug|Any CPU.ActiveCfg = Debug|Any CPU
		{712C307F-0DB8-499D-9CBA-4CA875414D1E}.Debug|Any CPU.Build.0 = Debug|Any CPU
		{712C307F-0DB8-499D-9CBA-4CA875414D1E}.Release|Any CPU.ActiveCfg = Release|Any CPU
		{712C307F-0DB8-499D-9CBA-4CA875414D1E}.Release|Any CPU.Build.0 = Release|Any CPU
		{1C91D1A3-0777-420E-BD81-709E5B40AE22}.Debug|Any CPU.ActiveCfg = Debug|Any CPU
		{1C91D1A3-0777-420E-BD81-709E5B40AE22}.Debug|Any CPU.Build.0 = Debug|Any CPU
		{1C91D1A3-0777-420E-BD81-709E5B40AE22}.Release|Any CPU.ActiveCfg = Release|Any CPU
		{1C91D1A3-0777-420E-BD81-709E5B40AE22}.Release|Any CPU.Build.0 = Release|Any CPU
		{510F9B2E-BDEE-48BC-AD4D-80FF12609A54}.Debug|Any CPU.ActiveCfg = Debug|Any CPU
		{510F9B2E-BDEE-48BC-AD4D-80FF12609A54}.Debug|Any CPU.Build.0 = Debug|Any CPU
		{510F9B2E-BDEE-48BC-AD4D-80FF12609A54}.Release|Any CPU.ActiveCfg = Release|Any CPU
		{510F9B2E-BDEE-48BC-AD4D-80FF12609A54}.Release|Any CPU.Build.0 = Release|Any CPU
		{4ABE5ED2-4706-4AD7-B26E-05428627BC6B}.Debug|Any CPU.ActiveCfg = Debug|Any CPU
		{4ABE5ED2-4706-4AD7-B26E-05428627BC6B}.Debug|Any CPU.Build.0 = Debug|Any CPU
		{4ABE5ED2-4706-4AD7-B26E-05428627BC6B}.Release|Any CPU.ActiveCfg = Release|Any CPU
		{4ABE5ED2-4706-4AD7-B26E-05428627BC6B}.Release|Any CPU.Build.0 = Release|Any CPU
		{481589FB-7F5C-4C80-A51F-3B612049F833}.Debug|Any CPU.ActiveCfg = Debug|Any CPU
		{481589FB-7F5C-4C80-A51F-3B612049F833}.Debug|Any CPU.Build.0 = Debug|Any CPU
		{481589FB-7F5C-4C80-A51F-3B612049F833}.Release|Any CPU.ActiveCfg = Release|Any CPU
		{481589FB-7F5C-4C80-A51F-3B612049F833}.Release|Any CPU.Build.0 = Release|Any CPU
		{B56FA1C4-9524-4A21-9904-7CD07A752A6B}.Debug|Any CPU.ActiveCfg = Debug|Any CPU
		{B56FA1C4-9524-4A21-9904-7CD07A752A6B}.Debug|Any CPU.Build.0 = Debug|Any CPU
		{B56FA1C4-9524-4A21-9904-7CD07A752A6B}.Release|Any CPU.ActiveCfg = Release|Any CPU
		{B56FA1C4-9524-4A21-9904-7CD07A752A6B}.Release|Any CPU.Build.0 = Release|Any CPU
	EndGlobalSection
	GlobalSection(SolutionProperties) = preSolution
		HideSolutionNode = FALSE
	EndGlobalSection
	GlobalSection(ExtensibilityGlobals) = postSolution
		SolutionGuid = {E1108FDE-B249-4AFB-B79C-A6A5A2C5F203}
	EndGlobalSection
	GlobalSection(NestedProjects) = preSolution
		{481589FB-7F5C-4C80-A51F-3B612049F833} = {5E41ED59-9BE4-441F-993B-A632DDDA28A1}
		{B56FA1C4-9524-4A21-9904-7CD07A752A6B} = {A7B12EF4-75E5-4852-909A-0C75599CFCF3}
	EndGlobalSection
EndGlobal
